
Microsoft Visual Studio Solution File, Format Version 12.00
# Visual Studio Version 17
VisualStudioVersion = 17.0.31903.59
MinimumVisualStudioVersion = 10.0.40219.1
Project("{2150E333-8FDC-42A3-9474-1A3956D46DE8}") = "src", "src", "{D273EE40-8DB6-4CD5-9E9D-6EDBEFDCD3A6}"
EndProject
Project("{FAE04EC0-301F-11D3-BF4B-00C04F79EFBC}") = "PharmaForms.Api", "src\PharmaForms.Api\PharmaForms.Api.csproj", "{6D3B81E9-89A5-4CB7-B3E2-1C0C40E9C5AE}"
EndProject
Project("{FAE04EC0-301F-11D3-BF4B-00C04F79EFBC}") = "PharmaForms.Core", "src\PharmaForms.Core\PharmaForms.Core.csproj", "{29AB5D46-7FE9-4AD9-B1BA-3A9C536C8A32}"
EndProject
Project("{FAE04EC0-301F-11D3-BF4B-00C04F79EFBC}") = "PharmaForms.Infrastructure", "src\PharmaForms.Infrastructure\PharmaForms.Infrastructure.csproj", "{59DE5F17-B46D-4B19-9D59-0E5E41AB71EB}"
EndProject
Global
	GlobalSection(SolutionConfigurationPlatforms) = preSolution
		Debug|Any CPU = Debug|Any CPU
		Release|Any CPU = Release|Any CPU
	EndGlobalSection
	GlobalSection(SolutionProperties) = preSolution
		HideSolutionNode = FALSE
	EndGlobalSection
	GlobalSection(ProjectConfigurationPlatforms) = postSolution
		{6D3B81E9-89A5-4CB7-B3E2-1C0C40E9C5AE}.Debug|Any CPU.ActiveCfg = Debug|Any CPU
		{6D3B81E9-89A5-4CB7-B3E2-1C0C40E9C5AE}.Debug|Any CPU.Build.0 = Debug|Any CPU
		{6D3B81E9-89A5-4CB7-B3E2-1C0C40E9C5AE}.Release|Any CPU.ActiveCfg = Release|Any CPU
		{6D3B81E9-89A5-4CB7-B3E2-1C0C40E9C5AE}.Release|Any CPU.Build.0 = Release|Any CPU
		{29AB5D46-7FE9-4AD9-B1BA-3A9C536C8A32}.Debug|Any CPU.ActiveCfg = Debug|Any CPU
		{29AB5D46-7FE9-4AD9-B1BA-3A9C536C8A32}.Debug|Any CPU.Build.0 = Debug|Any CPU
		{29AB5D46-7FE9-4AD9-B1BA-3A9C536C8A32}.Release|Any CPU.ActiveCfg = Release|Any CPU
		{29AB5D46-7FE9-4AD9-B1BA-3A9C536C8A32}.Release|Any CPU.Build.0 = Release|Any CPU
		{59DE5F17-B46D-4B19-9D59-0E5E41AB71EB}.Debug|Any CPU.ActiveCfg = Debug|Any CPU
		{59DE5F17-B46D-4B19-9D59-0E5E41AB71EB}.Debug|Any CPU.Build.0 = Debug|Any CPU
		{59DE5F17-B46D-4B19-9D59-0E5E41AB71EB}.Release|Any CPU.ActiveCfg = Release|Any CPU
		{59DE5F17-B46D-4B19-9D59-0E5E41AB71EB}.Release|Any CPU.Build.0 = Release|Any CPU
	EndGlobalSection
	GlobalSection(NestedProjects) = preSolution
		{6D3B81E9-89A5-4CB7-B3E2-1C0C40E9C5AE} = {D273EE40-8DB6-4CD5-9E9D-6EDBEFDCD3A6}
		{29AB5D46-7FE9-4AD9-B1BA-3A9C536C8A32} = {D273EE40-8DB6-4CD5-9E9D-6EDBEFDCD3A6}
		{59DE5F17-B46D-4B19-9D59-0E5E41AB71EB} = {D273EE40-8DB6-4CD5-9E9D-6EDBEFDCD3A6}
	EndGlobalSection
EndGlobal
